// !$*UTF8*$!
{
	archiveVersion = 1;
	classes = {
	};
	objectVersion = 46;
	objects = {

/* Begin PBXBuildFile section */
		2D2244F01D0FA12B005D9DF5 /* Person.swift in Sources */ = {isa = PBXBuildFile; fileRef = 2D2244EF1D0FA12B005D9DF5 /* Person.swift */; };
		2D2244F31D0FAD93005D9DF5 /* ContactView.xib in Resources */ = {isa = PBXBuildFile; fileRef = 2D2244F21D0FAD93005D9DF5 /* ContactView.xib */; };
		2D2244F61D0FB11D005D9DF5 /* ContactView.swift in Sources */ = {isa = PBXBuildFile; fileRef = 2D2244F51D0FB11D005D9DF5 /* ContactView.swift */; };
		2D2244F81D0FB6F9005D9DF5 /* UserDefaultsManager.swift in Sources */ = {isa = PBXBuildFile; fileRef = 2D2244F71D0FB6F9005D9DF5 /* UserDefaultsManager.swift */; };
		2D6EBACB1D0F0EFD004AD135 /* ContactsTableViewController.swift in Sources */ = {isa = PBXBuildFile; fileRef = 2D6EBACA1D0F0EFD004AD135 /* ContactsTableViewController.swift */; };
		2D6EBACE1D0F1652004AD135 /* ContactDetailViewController.swift in Sources */ = {isa = PBXBuildFile; fileRef = 2D6EBACD1D0F1652004AD135 /* ContactDetailViewController.swift */; };
		2D9834D81D0C4A91000977DC /* AppDelegate.swift in Sources */ = {isa = PBXBuildFile; fileRef = 2D9834D71D0C4A91000977DC /* AppDelegate.swift */; };
		2D9834DD1D0C4A91000977DC /* Main.storyboard in Resources */ = {isa = PBXBuildFile; fileRef = 2D9834DB1D0C4A91000977DC /* Main.storyboard */; };
		2D9834DF1D0C4A91000977DC /* Assets.xcassets in Resources */ = {isa = PBXBuildFile; fileRef = 2D9834DE1D0C4A91000977DC /* Assets.xcassets */; };
		2D9834E21D0C4A91000977DC /* LaunchScreen.storyboard in Resources */ = {isa = PBXBuildFile; fileRef = 2D9834E01D0C4A91000977DC /* LaunchScreen.storyboard */; };
		2DE890B01D10AD9E001DC19F /* ContactsCollectionViewController.swift in Sources */ = {isa = PBXBuildFile; fileRef = 2DE890AF1D10AD9E001DC19F /* ContactsCollectionViewController.swift */; };
		2DE890B21D10AE28001DC19F /* ContactCollectionViewCell.swift in Sources */ = {isa = PBXBuildFile; fileRef = 2DE890B11D10AE28001DC19F /* ContactCollectionViewCell.swift */; };
/* End PBXBuildFile section */

/* Begin PBXFileReference section */
		2D2244EF1D0FA12B005D9DF5 /* Person.swift */ = {isa = PBXFileReference; fileEncoding = 4; lastKnownFileType = sourcecode.swift; path = Person.swift; sourceTree = "<group>"; };
		2D2244F21D0FAD93005D9DF5 /* ContactView.xib */ = {isa = PBXFileReference; fileEncoding = 4; lastKnownFileType = file.xib; path = ContactView.xib; sourceTree = "<group>"; };
		2D2244F51D0FB11D005D9DF5 /* ContactView.swift */ = {isa = PBXFileReference; fileEncoding = 4; lastKnownFileType = sourcecode.swift; path = ContactView.swift; sourceTree = "<group>"; };
		2D2244F71D0FB6F9005D9DF5 /* UserDefaultsManager.swift */ = {isa = PBXFileReference; fileEncoding = 4; lastKnownFileType = sourcecode.swift; path = UserDefaultsManager.swift; sourceTree = "<group>"; };
		2D6EBACA1D0F0EFD004AD135 /* ContactsTableViewController.swift */ = {isa = PBXFileReference; fileEncoding = 4; lastKnownFileType = sourcecode.swift; path = ContactsTableViewController.swift; sourceTree = "<group>"; };
		2D6EBACD1D0F1652004AD135 /* ContactDetailViewController.swift */ = {isa = PBXFileReference; fileEncoding = 4; lastKnownFileType = sourcecode.swift; path = ContactDetailViewController.swift; sourceTree = "<group>"; };
		2D9834D41D0C4A91000977DC /* AlzYouNeed.app */ = {isa = PBXFileReference; explicitFileType = wrapper.application; includeInIndex = 0; path = AlzYouNeed.app; sourceTree = BUILT_PRODUCTS_DIR; };
		2D9834D71D0C4A91000977DC /* AppDelegate.swift */ = {isa = PBXFileReference; lastKnownFileType = sourcecode.swift; path = AppDelegate.swift; sourceTree = "<group>"; };
		2D9834DC1D0C4A91000977DC /* Base */ = {isa = PBXFileReference; lastKnownFileType = file.storyboard; name = Base; path = Base.lproj/Main.storyboard; sourceTree = "<group>"; };
		2D9834DE1D0C4A91000977DC /* Assets.xcassets */ = {isa = PBXFileReference; lastKnownFileType = folder.assetcatalog; path = Assets.xcassets; sourceTree = "<group>"; };
		2D9834E11D0C4A91000977DC /* Base */ = {isa = PBXFileReference; lastKnownFileType = file.storyboard; name = Base; path = Base.lproj/LaunchScreen.storyboard; sourceTree = "<group>"; };
		2D9834E31D0C4A91000977DC /* Info.plist */ = {isa = PBXFileReference; lastKnownFileType = text.plist.xml; path = Info.plist; sourceTree = "<group>"; };
		2DE890AF1D10AD9E001DC19F /* ContactsCollectionViewController.swift */ = {isa = PBXFileReference; fileEncoding = 4; lastKnownFileType = sourcecode.swift; path = ContactsCollectionViewController.swift; sourceTree = "<group>"; };
		2DE890B11D10AE28001DC19F /* ContactCollectionViewCell.swift */ = {isa = PBXFileReference; fileEncoding = 4; lastKnownFileType = sourcecode.swift; path = ContactCollectionViewCell.swift; sourceTree = "<group>"; };
/* End PBXFileReference section */

/* Begin PBXFrameworksBuildPhase section */
		2D9834D11D0C4A91000977DC /* Frameworks */ = {
			isa = PBXFrameworksBuildPhase;
			buildActionMask = 2147483647;
			files = (
			);
			runOnlyForDeploymentPostprocessing = 0;
		};
/* End PBXFrameworksBuildPhase section */

/* Begin PBXGroup section */
		2D2244EE1D0F994E005D9DF5 /* ContactList */ = {
			isa = PBXGroup;
			children = (
				2D2244F11D0FAD6E005D9DF5 /* Model */,
				2D2244F41D0FB103005D9DF5 /* View */,
				2D6EBACC1D0F0FC8004AD135 /* Controller */,
			);
			name = ContactList;
			sourceTree = "<group>";
		};
		2D2244F11D0FAD6E005D9DF5 /* Model */ = {
			isa = PBXGroup;
			children = (
				2D2244EF1D0FA12B005D9DF5 /* Person.swift */,
			);
			name = Model;
			sourceTree = "<group>";
		};
		2D2244F41D0FB103005D9DF5 /* View */ = {
			isa = PBXGroup;
			children = (
				2D2244F21D0FAD93005D9DF5 /* ContactView.xib */,
				2D2244F51D0FB11D005D9DF5 /* ContactView.swift */,
			);
			name = View;
			sourceTree = "<group>";
		};
		2D6EBACC1D0F0FC8004AD135 /* Controller */ = {
			isa = PBXGroup;
			children = (
				2D6EBACA1D0F0EFD004AD135 /* ContactsTableViewController.swift */,
				2D6EBACD1D0F1652004AD135 /* ContactDetailViewController.swift */,
				2DE890AF1D10AD9E001DC19F /* ContactsCollectionViewController.swift */,
				2DE890B11D10AE28001DC19F /* ContactCollectionViewCell.swift */,
			);
			name = Controller;
			sourceTree = "<group>";
		};
		2D9834CB1D0C4A91000977DC = {
			isa = PBXGroup;
			children = (
				2D9834D61D0C4A91000977DC /* AlzYouNeed */,
				2D9834D51D0C4A91000977DC /* Products */,
			);
			sourceTree = "<group>";
		};
		2D9834D51D0C4A91000977DC /* Products */ = {
			isa = PBXGroup;
			children = (
				2D9834D41D0C4A91000977DC /* AlzYouNeed.app */,
			);
			name = Products;
			sourceTree = "<group>";
		};
		2D9834D61D0C4A91000977DC /* AlzYouNeed */ = {
			isa = PBXGroup;
			children = (
				2D9834D71D0C4A91000977DC /* AppDelegate.swift */,
				2D9834DB1D0C4A91000977DC /* Main.storyboard */,
				2D2244F71D0FB6F9005D9DF5 /* UserDefaultsManager.swift */,
				2D2244EE1D0F994E005D9DF5 /* ContactList */,
				2D9834DE1D0C4A91000977DC /* Assets.xcassets */,
				2D9834E01D0C4A91000977DC /* LaunchScreen.storyboard */,
				2D9834E31D0C4A91000977DC /* Info.plist */,
			);
			path = AlzYouNeed;
			sourceTree = "<group>";
		};
/* End PBXGroup section */

/* Begin PBXNativeTarget section */
		2D9834D31D0C4A91000977DC /* AlzYouNeed */ = {
			isa = PBXNativeTarget;
			buildConfigurationList = 2D9834E61D0C4A91000977DC /* Build configuration list for PBXNativeTarget "AlzYouNeed" */;
			buildPhases = (
				2D9834D01D0C4A91000977DC /* Sources */,
				2D9834D11D0C4A91000977DC /* Frameworks */,
				2D9834D21D0C4A91000977DC /* Resources */,
			);
			buildRules = (
			);
			dependencies = (
			);
			name = AlzYouNeed;
			productName = AlzYouNeed;
			productReference = 2D9834D41D0C4A91000977DC /* AlzYouNeed.app */;
			productType = "com.apple.product-type.application";
		};
/* End PBXNativeTarget section */

/* Begin PBXProject section */
		2D9834CC1D0C4A91000977DC /* Project object */ = {
			isa = PBXProject;
			attributes = {
				LastSwiftUpdateCheck = 0730;
				LastUpgradeCheck = 0730;
				ORGANIZATIONNAME = "Alz You Need";
				TargetAttributes = {
					2D9834D31D0C4A91000977DC = {
						CreatedOnToolsVersion = 7.3.1;
						DevelopmentTeam = M8579RUEVZ;
					};
				};
			};
			buildConfigurationList = 2D9834CF1D0C4A91000977DC /* Build configuration list for PBXProject "AlzYouNeed" */;
			compatibilityVersion = "Xcode 3.2";
			developmentRegion = English;
			hasScannedForEncodings = 0;
			knownRegions = (
				en,
				Base,
			);
			mainGroup = 2D9834CB1D0C4A91000977DC;
			productRefGroup = 2D9834D51D0C4A91000977DC /* Products */;
			projectDirPath = "";
			projectRoot = "";
			targets = (
				2D9834D31D0C4A91000977DC /* AlzYouNeed */,
			);
		};
/* End PBXProject section */

/* Begin PBXResourcesBuildPhase section */
		2D9834D21D0C4A91000977DC /* Resources */ = {
			isa = PBXResourcesBuildPhase;
			buildActionMask = 2147483647;
			files = (
				2D9834E21D0C4A91000977DC /* LaunchScreen.storyboard in Resources */,
				2D9834DF1D0C4A91000977DC /* Assets.xcassets in Resources */,
				2D9834DD1D0C4A91000977DC /* Main.storyboard in Resources */,
				2D2244F31D0FAD93005D9DF5 /* ContactView.xib in Resources */,
			);
			runOnlyForDeploymentPostprocessing = 0;
		};
/* End PBXResourcesBuildPhase section */

/* Begin PBXSourcesBuildPhase section */
		2D9834D01D0C4A91000977DC /* Sources */ = {
			isa = PBXSourcesBuildPhase;
			buildActionMask = 2147483647;
			files = (
				2D2244F01D0FA12B005D9DF5 /* Person.swift in Sources */,
				2D2244F61D0FB11D005D9DF5 /* ContactView.swift in Sources */,
				2D2244F81D0FB6F9005D9DF5 /* UserDefaultsManager.swift in Sources */,
				2DE890B01D10AD9E001DC19F /* ContactsCollectionViewController.swift in Sources */,
				2D9834D81D0C4A91000977DC /* AppDelegate.swift in Sources */,
				2DE890B21D10AE28001DC19F /* ContactCollectionViewCell.swift in Sources */,
				2D6EBACE1D0F1652004AD135 /* ContactDetailViewController.swift in Sources */,
				2D6EBACB1D0F0EFD004AD135 /* ContactsTableViewController.swift in Sources */,
			);
			runOnlyForDeploymentPostprocessing = 0;
		};
/* End PBXSourcesBuildPhase section */

/* Begin PBXVariantGroup section */
		2D9834DB1D0C4A91000977DC /* Main.storyboard */ = {
			isa = PBXVariantGroup;
			children = (
				2D9834DC1D0C4A91000977DC /* Base */,
			);
			name = Main.storyboard;
			sourceTree = "<group>";
		};
		2D9834E01D0C4A91000977DC /* LaunchScreen.storyboard */ = {
			isa = PBXVariantGroup;
			children = (
				2D9834E11D0C4A91000977DC /* Base */,
			);
			name = LaunchScreen.storyboard;
			sourceTree = "<group>";
		};
/* End PBXVariantGroup section */

/* Begin XCBuildConfiguration section */
		2D9834E41D0C4A91000977DC /* Debug */ = {
			isa = XCBuildConfiguration;
			buildSettings = {
				ALWAYS_SEARCH_USER_PATHS = NO;
				CLANG_ANALYZER_NONNULL = YES;
				CLANG_CXX_LANGUAGE_STANDARD = "gnu++0x";
				CLANG_CXX_LIBRARY = "libc++";
				CLANG_ENABLE_MODULES = YES;
				CLANG_ENABLE_OBJC_ARC = YES;
				CLANG_WARN_BOOL_CONVERSION = YES;
				CLANG_WARN_CONSTANT_CONVERSION = YES;
				CLANG_WARN_DIRECT_OBJC_ISA_USAGE = YES_ERROR;
				CLANG_WARN_EMPTY_BODY = YES;
				CLANG_WARN_ENUM_CONVERSION = YES;
				CLANG_WARN_INT_CONVERSION = YES;
				CLANG_WARN_OBJC_ROOT_CLASS = YES_ERROR;
				CLANG_WARN_UNREACHABLE_CODE = YES;
				CLANG_WARN__DUPLICATE_METHOD_MATCH = YES;
				"CODE_SIGN_IDENTITY[sdk=iphoneos*]" = "iPhone Developer";
				COPY_PHASE_STRIP = NO;
				DEBUG_INFORMATION_FORMAT = dwarf;
				ENABLE_STRICT_OBJC_MSGSEND = YES;
				ENABLE_TESTABILITY = YES;
				GCC_C_LANGUAGE_STANDARD = gnu99;
				GCC_DYNAMIC_NO_PIC = NO;
				GCC_NO_COMMON_BLOCKS = YES;
				GCC_OPTIMIZATION_LEVEL = 0;
				GCC_PREPROCESSOR_DEFINITIONS = (
					"DEBUG=1",
					"$(inherited)",
				);
				GCC_WARN_64_TO_32_BIT_CONVERSION = YES;
				GCC_WARN_ABOUT_RETURN_TYPE = YES_ERROR;
				GCC_WARN_UNDECLARED_SELECTOR = YES;
				GCC_WARN_UNINITIALIZED_AUTOS = YES_AGGRESSIVE;
				GCC_WARN_UNUSED_FUNCTION = YES;
				GCC_WARN_UNUSED_VARIABLE = YES;
				IPHONEOS_DEPLOYMENT_TARGET = 9.3;
				MTL_ENABLE_DEBUG_INFO = YES;
				ONLY_ACTIVE_ARCH = YES;
				SDKROOT = iphoneos;
				SWIFT_OPTIMIZATION_LEVEL = "-Onone";
			};
			name = Debug;
		};
		2D9834E51D0C4A91000977DC /* Release */ = {
			isa = XCBuildConfiguration;
			buildSettings = {
				ALWAYS_SEARCH_USER_PATHS = NO;
				CLANG_ANALYZER_NONNULL = YES;
				CLANG_CXX_LANGUAGE_STANDARD = "gnu++0x";
				CLANG_CXX_LIBRARY = "libc++";
				CLANG_ENABLE_MODULES = YES;
				CLANG_ENABLE_OBJC_ARC = YES;
				CLANG_WARN_BOOL_CONVERSION = YES;
				CLANG_WARN_CONSTANT_CONVERSION = YES;
				CLANG_WARN_DIRECT_OBJC_ISA_USAGE = YES_ERROR;
				CLANG_WARN_EMPTY_BODY = YES;
				CLANG_WARN_ENUM_CONVERSION = YES;
				CLANG_WARN_INT_CONVERSION = YES;
				CLANG_WARN_OBJC_ROOT_CLASS = YES_ERROR;
				CLANG_WARN_UNREACHABLE_CODE = YES;
				CLANG_WARN__DUPLICATE_METHOD_MATCH = YES;
				"CODE_SIGN_IDENTITY[sdk=iphoneos*]" = "iPhone Developer";
				COPY_PHASE_STRIP = NO;
				DEBUG_INFORMATION_FORMAT = "dwarf-with-dsym";
				ENABLE_NS_ASSERTIONS = NO;
				ENABLE_STRICT_OBJC_MSGSEND = YES;
				GCC_C_LANGUAGE_STANDARD = gnu99;
				GCC_NO_COMMON_BLOCKS = YES;
				GCC_WARN_64_TO_32_BIT_CONVERSION = YES;
				GCC_WARN_ABOUT_RETURN_TYPE = YES_ERROR;
				GCC_WARN_UNDECLARED_SELECTOR = YES;
				GCC_WARN_UNINITIALIZED_AUTOS = YES_AGGRESSIVE;
				GCC_WARN_UNUSED_FUNCTION = YES;
				GCC_WARN_UNUSED_VARIABLE = YES;
				IPHONEOS_DEPLOYMENT_TARGET = 9.3;
				MTL_ENABLE_DEBUG_INFO = NO;
				SDKROOT = iphoneos;
				VALIDATE_PRODUCT = YES;
			};
			name = Release;
		};
		2D9834E71D0C4A91000977DC /* Debug */ = {
			isa = XCBuildConfiguration;
			buildSettings = {
				ASSETCATALOG_COMPILER_APPICON_NAME = AppIcon;
				CODE_SIGN_IDENTITY = "iPhone Developer";
				"CODE_SIGN_IDENTITY[sdk=iphoneos*]" = "iPhone Developer";
				INFOPLIST_FILE = AlzYouNeed/Info.plist;
				LD_RUNPATH_SEARCH_PATHS = "$(inherited) @executable_path/Frameworks";
				PRODUCT_BUNDLE_IDENTIFIER = com.alzyouneed.AlzYouNeed;
				PRODUCT_NAME = "$(TARGET_NAME)";
				PROVISIONING_PROFILE = "";
			};
			name = Debug;
		};
		2D9834E81D0C4A91000977DC /* Release */ = {
			isa = XCBuildConfiguration;
			buildSettings = {
				ASSETCATALOG_COMPILER_APPICON_NAME = AppIcon;
				CODE_SIGN_IDENTITY = "iPhone Developer";
				"CODE_SIGN_IDENTITY[sdk=iphoneos*]" = "iPhone Developer";
				INFOPLIST_FILE = AlzYouNeed/Info.plist;
				LD_RUNPATH_SEARCH_PATHS = "$(inherited) @executable_path/Frameworks";
				PRODUCT_BUNDLE_IDENTIFIER = com.alzyouneed.AlzYouNeed;
				PRODUCT_NAME = "$(TARGET_NAME)";
				PROVISIONING_PROFILE = "";
			};
			name = Release;
		};
/* End XCBuildConfiguration section */

/* Begin XCConfigurationList section */
		2D9834CF1D0C4A91000977DC /* Build configuration list for PBXProject "AlzYouNeed" */ = {
			isa = XCConfigurationList;
			buildConfigurations = (
				2D9834E41D0C4A91000977DC /* Debug */,
				2D9834E51D0C4A91000977DC /* Release */,
			);
			defaultConfigurationIsVisible = 0;
			defaultConfigurationName = Release;
		};
		2D9834E61D0C4A91000977DC /* Build configuration list for PBXNativeTarget "AlzYouNeed" */ = {
			isa = XCConfigurationList;
			buildConfigurations = (
				2D9834E71D0C4A91000977DC /* Debug */,
				2D9834E81D0C4A91000977DC /* Release */,
			);
			defaultConfigurationIsVisible = 0;
			defaultConfigurationName = Release;
		};
/* End XCConfigurationList section */
	};
	rootObject = 2D9834CC1D0C4A91000977DC /* Project object */;
}
